
Microsoft Visual Studio Solution File, Format Version 12.00
# Visual Studio Version 16
VisualStudioVersion = 16.0.28803.156
MinimumVisualStudioVersion = 10.0.40219.1
Project("{FAE04EC0-301F-11D3-BF4B-00C04F79EFBC}") = "RestSharpFinancialData", "RestSharpFinancialData.csproj", "{B0ACEFC5-A7AF-47D8-A423-2A309035F109}"
EndProject
Global
	GlobalSection(SolutionConfigurationPlatforms) = preSolution
		Debug|Any CPU = Debug|Any CPU
		Release|Any CPU = Release|Any CPU
	EndGlobalSection
	GlobalSection(ProjectConfigurationPlatforms) = postSolution
		{B0ACEFC5-A7AF-47D8-A423-2A309035F109}.Debug|Any CPU.ActiveCfg = Debug|Any CPU
		{B0ACEFC5-A7AF-47D8-A423-2A309035F109}.Debug|Any CPU.Build.0 = Debug|Any CPU
		{B0ACEFC5-A7AF-47D8-A423-2A309035F109}.Release|Any CPU.ActiveCfg = Release|Any CPU
		{B0ACEFC5-A7AF-47D8-A423-2A309035F109}.Release|Any CPU.Build.0 = Release|Any CPU
	EndGlobalSection
	GlobalSection(SolutionProperties) = preSolution
		HideSolutionNode = FALSE
	EndGlobalSection
	GlobalSection(ExtensibilityGlobals) = postSolution
		SolutionGuid = {7FA92FB7-7E6C-4D89-99DA-C6A37624C466}
	EndGlobalSection
EndGlobal
